{
  "name": "rafflePages",
  "lockfileVersion": 3,
  "requires": true,
  "packages": {
    "": {
      "dependencies": {
        "easyqrcodejs": "^4.6.1"
      }
    },
    "node_modules/easyqrcodejs": {
      "version": "4.6.1",
      "resolved": "https://registry.npmjs.org/easyqrcodejs/-/easyqrcodejs-4.6.1.tgz",
      "integrity": "sha512-J9C7UOJ67sZvu1Ei6JS/YHgmTVfl7jD+zPloxZGMtjGz+r9s0APJVxdPlGIYJsI9JEfgE6Q3ZfMEl/6+TL4BGA=="
    }
  }
}
