{
  "name": "rafflePages",
  "lockfileVersion": 3,
  "requires": true,
  "packages": {
    "": {
      "dependencies": {
        "@dicebear/collection": "^9.0.1",
        "@dicebear/core": "^9.0.1",
        "easyqrcodejs": "^4.6.1",
        "random-avatar-generator": "^2.0.0",
        "seedable-random-avatar-generator": "^1.1.2"
      }
    },
    "node_modules/@dicebear/adventurer": {
      "version": "9.0.1",
      "resolved": "https://registry.npmjs.org/@dicebear/adventurer/-/adventurer-9.0.1.tgz",
      "integrity": "sha512-WKuQd115wEHM9qj6g2Xlwg9uug8ngaAxrfHhGdr/BFdXqol7skgbK1dUVHqctXnE/2nNvNFH8q6+paA4MJJjaA==",
      "license": "MIT",
      "engines": {
        "node": ">=18.0.0"
      },
      "peerDependencies": {
        "@dicebear/core": "^9.0.0"
      }
    },
    "node_modules/@dicebear/adventurer-neutral": {
      "version": "9.0.1",
      "resolved": "https://registry.npmjs.org/@dicebear/adventurer-neutral/-/adventurer-neutral-9.0.1.tgz",
      "integrity": "sha512-Hr2QlhJK8Q2ShlXnq3/QN3PmcWwPsK3HDYnw21jMfAwcFe0YUQpSL/643vQtZwDjWmN1D5emNgGp4r9XwFEdtA==",
      "license": "MIT",
      "engines": {
        "node": ">=18.0.0"
      },
      "peerDependencies": {
        "@dicebear/core": "^9.0.0"
      }
    },
    "node_modules/@dicebear/avataaars": {
      "version": "9.0.1",
      "resolved": "https://registry.npmjs.org/@dicebear/avataaars/-/avataaars-9.0.1.tgz",
      "integrity": "sha512-uRTa8x80F5k0QKGB8TpjDcpuY4Uo3EMBxnPdlE2XzL4Q2tb5tKLoI0pxoaFZsQBHhAddDOmS6XrV+WEBElRr8g==",
      "license": "MIT",
      "engines": {
        "node": ">=18.0.0"
      },
      "peerDependencies": {
        "@dicebear/core": "^9.0.0"
      }
    },
    "node_modules/@dicebear/avataaars-neutral": {
      "version": "9.0.1",
      "resolved": "https://registry.npmjs.org/@dicebear/avataaars-neutral/-/avataaars-neutral-9.0.1.tgz",
      "integrity": "sha512-yHZix7Xd8jnq8NJLUn3cM/63Xe80ZaIqTy37OqSB4mOSxSrAvlQ9YRjVTngzzDUI4aXqIP31OYL0/jZROSVoww==",
      "license": "MIT",
      "engines": {
        "node": ">=18.0.0"
      },
      "peerDependencies": {
        "@dicebear/core": "^9.0.0"
      }
    },
    "node_modules/@dicebear/big-ears": {
      "version": "9.0.1",
      "resolved": "https://registry.npmjs.org/@dicebear/big-ears/-/big-ears-9.0.1.tgz",
      "integrity": "sha512-DVWX2eZFz4sXHXS9zZJyLi7ipr1DMSfbLiLse1XzfQ99DqmlhK2vyXqMYAft46ta6AYug0+VBQjXc5zxjJkKiw==",
      "license": "MIT",
      "engines": {
        "node": ">=18.0.0"
      },
      "peerDependencies": {
        "@dicebear/core": "^9.0.0"
      }
    },
    "node_modules/@dicebear/big-ears-neutral": {
      "version": "9.0.1",
      "resolved": "https://registry.npmjs.org/@dicebear/big-ears-neutral/-/big-ears-neutral-9.0.1.tgz",
      "integrity": "sha512-fL8cLOGKzCMf92GiZGQjnw2j7niz0L3uUkDbNL/wCs4Li4JfVjjuDIZKVeJjkwfVlo/7ZJdmcIxnV3oKDNH0UQ==",
      "license": "MIT",
      "engines": {
        "node": ">=18.0.0"
      },
      "peerDependencies": {
        "@dicebear/core": "^9.0.0"
      }
    },
    "node_modules/@dicebear/big-smile": {
      "version": "9.0.1",
      "resolved": "https://registry.npmjs.org/@dicebear/big-smile/-/big-smile-9.0.1.tgz",
      "integrity": "sha512-BgZjfyFrFtbFuelIMPbFaYHvO582gBxxNkEeTODGeYSv2fx++eFTw2ONFKNFENBLmsobWhe3tHE2Lg+3dtPCNA==",
      "license": "MIT",
      "engines": {
        "node": ">=18.0.0"
      },
      "peerDependencies": {
        "@dicebear/core": "^9.0.0"
      }
    },
    "node_modules/@dicebear/bottts": {
      "version": "9.0.1",
      "resolved": "https://registry.npmjs.org/@dicebear/bottts/-/bottts-9.0.1.tgz",
      "integrity": "sha512-5A4Bf0mOXnRUOjPRY8dKZA1eOUXlUZm2JKITv/ehDpADuW/clJf9ZtNVxfTLUE89WtT6hgm03/CzeU4+PbKEzQ==",
      "license": "MIT",
      "engines": {
        "node": ">=18.0.0"
      },
      "peerDependencies": {
        "@dicebear/core": "^9.0.0"
      }
    },
    "node_modules/@dicebear/bottts-neutral": {
      "version": "9.0.1",
      "resolved": "https://registry.npmjs.org/@dicebear/bottts-neutral/-/bottts-neutral-9.0.1.tgz",
      "integrity": "sha512-RG8TZPizbvcQfm78GdhGMS9hAC/wo/gMYjGo7EjasGk6Y37z2lyfnKJDFAG80LUsgp+i47V9HWgf9uik+Y6czw==",
      "license": "MIT",
      "engines": {
        "node": ">=18.0.0"
      },
      "peerDependencies": {
        "@dicebear/core": "^9.0.0"
      }
    },
    "node_modules/@dicebear/collection": {
      "version": "9.0.1",
      "resolved": "https://registry.npmjs.org/@dicebear/collection/-/collection-9.0.1.tgz",
      "integrity": "sha512-ul2b6wof0Owu7Pwr4/cwqy+Zzu8tXcul6AJ3vhWnj2Kax33hm4MuCHSK10LVeo/+iyAa+5x4tARFly0spb/xRQ==",
      "license": "MIT",
      "dependencies": {
        "@dicebear/adventurer": "9.0.1",
        "@dicebear/adventurer-neutral": "9.0.1",
        "@dicebear/avataaars": "9.0.1",
        "@dicebear/avataaars-neutral": "9.0.1",
        "@dicebear/big-ears": "9.0.1",
        "@dicebear/big-ears-neutral": "9.0.1",
        "@dicebear/big-smile": "9.0.1",
        "@dicebear/bottts": "9.0.1",
        "@dicebear/bottts-neutral": "9.0.1",
        "@dicebear/croodles": "9.0.1",
        "@dicebear/croodles-neutral": "9.0.1",
        "@dicebear/fun-emoji": "9.0.1",
        "@dicebear/icons": "9.0.1",
        "@dicebear/identicon": "9.0.1",
        "@dicebear/initials": "9.0.1",
        "@dicebear/lorelei": "9.0.1",
        "@dicebear/lorelei-neutral": "9.0.1",
        "@dicebear/micah": "9.0.1",
        "@dicebear/miniavs": "9.0.1",
        "@dicebear/notionists": "9.0.1",
        "@dicebear/notionists-neutral": "9.0.1",
        "@dicebear/open-peeps": "9.0.1",
        "@dicebear/personas": "9.0.1",
        "@dicebear/pixel-art": "9.0.1",
        "@dicebear/pixel-art-neutral": "9.0.1",
        "@dicebear/rings": "9.0.1",
        "@dicebear/shapes": "9.0.1",
        "@dicebear/thumbs": "9.0.1"
      },
      "engines": {
        "node": ">=18.0.0"
      },
      "peerDependencies": {
        "@dicebear/core": "^9.0.0"
      }
    },
    "node_modules/@dicebear/core": {
      "version": "9.0.1",
      "resolved": "https://registry.npmjs.org/@dicebear/core/-/core-9.0.1.tgz",
      "integrity": "sha512-d/ddHcKuJDHefKQMLbFsFh2gX4Ha0QDByp2pSpjJHiOZL97YA/2/Pnbv7m0/HZEH+C+AeHwZxMLwjr/aajbFxA==",
      "license": "MIT",
      "dependencies": {
        "@types/json-schema": "^7.0.11"
      },
      "engines": {
        "node": ">=18.0.0"
      }
    },
    "node_modules/@dicebear/croodles": {
      "version": "9.0.1",
      "resolved": "https://registry.npmjs.org/@dicebear/croodles/-/croodles-9.0.1.tgz",
      "integrity": "sha512-b1UvQjpx7JX6V2rGLrUE+VjP5D/X8W12m51RucF4OwayFr+3Iu0gG5luoSEPHt41FtuUEnEZU8kVsgmTm+Kbkw==",
      "license": "MIT",
      "engines": {
        "node": ">=18.0.0"
      },
      "peerDependencies": {
        "@dicebear/core": "^9.0.0"
      }
    },
    "node_modules/@dicebear/croodles-neutral": {
      "version": "9.0.1",
      "resolved": "https://registry.npmjs.org/@dicebear/croodles-neutral/-/croodles-neutral-9.0.1.tgz",
      "integrity": "sha512-Z1o1Jda7DYZfEIFHcPazbDAwL/RW+BiNaK/oEbzpj/Oe010Iy6+QG5570X1kK8lg5HbTGp6ptS2kyPFipOPAXg==",
      "license": "MIT",
      "engines": {
        "node": ">=18.0.0"
      },
      "peerDependencies": {
        "@dicebear/core": "^9.0.0"
      }
    },
    "node_modules/@dicebear/fun-emoji": {
      "version": "9.0.1",
      "resolved": "https://registry.npmjs.org/@dicebear/fun-emoji/-/fun-emoji-9.0.1.tgz",
      "integrity": "sha512-cT2t9eoRsqwSizsuCBHw6C4kXEnc82WwwkXmeSM0gBb2+HqoMoTKGTUEw33Zcei6v9+yMJFvbtXY4YGncNnj9A==",
      "license": "MIT",
      "engines": {
        "node": ">=18.0.0"
      },
      "peerDependencies": {
        "@dicebear/core": "^9.0.0"
      }
    },
    "node_modules/@dicebear/icons": {
      "version": "9.0.1",
      "resolved": "https://registry.npmjs.org/@dicebear/icons/-/icons-9.0.1.tgz",
      "integrity": "sha512-GeMEFq/f6lzKTRC5f53kyMH5o3E6WsYjYditz4rW5QWWlFV3XUyI1PRuTYCN65LnOzCVOIQFtpoO9/hPjKu6kw==",
      "license": "MIT",
      "engines": {
        "node": ">=18.0.0"
      },
      "peerDependencies": {
        "@dicebear/core": "^9.0.0"
      }
    },
    "node_modules/@dicebear/identicon": {
      "version": "9.0.1",
      "resolved": "https://registry.npmjs.org/@dicebear/identicon/-/identicon-9.0.1.tgz",
      "integrity": "sha512-3SkzwDL0/mH7k0jUS27MK8uM6QJTG5o2pKaNGOUJ0j/G0WTIjwt54x1KtwvED6J3tKT/nvy0qsJULOIVAS1kJw==",
      "license": "MIT",
      "engines": {
        "node": ">=18.0.0"
      },
      "peerDependencies": {
        "@dicebear/core": "^9.0.0"
      }
    },
    "node_modules/@dicebear/initials": {
      "version": "9.0.1",
      "resolved": "https://registry.npmjs.org/@dicebear/initials/-/initials-9.0.1.tgz",
      "integrity": "sha512-mL2xS48MX+Dg4Nf3IqhG1mZkLbuYQQwIIikU/EhY2YeDPtmZZhlIfAQOL6nw/9xecS6B1tmZfUsp966Fl6ploQ==",
      "license": "MIT",
      "engines": {
        "node": ">=18.0.0"
      },
      "peerDependencies": {
        "@dicebear/core": "^9.0.0"
      }
    },
    "node_modules/@dicebear/lorelei": {
      "version": "9.0.1",
      "resolved": "https://registry.npmjs.org/@dicebear/lorelei/-/lorelei-9.0.1.tgz",
      "integrity": "sha512-GlKSsLHd1zSanhAgYxfa9VDtcuF9hGxJPWZVstzlUndU6eASuBmkHCZQVEjJv1V6W4Bos8YonAnzqIeOnDKHMg==",
      "license": "MIT",
      "engines": {
        "node": ">=18.0.0"
      },
      "peerDependencies": {
        "@dicebear/core": "^9.0.0"
      }
    },
    "node_modules/@dicebear/lorelei-neutral": {
      "version": "9.0.1",
      "resolved": "https://registry.npmjs.org/@dicebear/lorelei-neutral/-/lorelei-neutral-9.0.1.tgz",
      "integrity": "sha512-zucVVFDMMaP2f64m7ByERzH1XtM+0MnzfNhOX/27S0WGsV31bjzMW+nrx0N/+wBoDOCZOq7roT+Yq09MEhU6mw==",
      "license": "MIT",
      "engines": {
        "node": ">=18.0.0"
      },
      "peerDependencies": {
        "@dicebear/core": "^9.0.0"
      }
    },
    "node_modules/@dicebear/micah": {
      "version": "9.0.1",
      "resolved": "https://registry.npmjs.org/@dicebear/micah/-/micah-9.0.1.tgz",
      "integrity": "sha512-+kxc2u/DlKH8Ljh3Nkrf5DIddcwzqeQf6rn6kQXWApz/TQKM9/Gm8TkUDkddYYNdQRSHkTBDhcUU0agEEVPVXw==",
      "license": "MIT",
      "engines": {
        "node": ">=18.0.0"
      },
      "peerDependencies": {
        "@dicebear/core": "^9.0.0"
      }
    },
    "node_modules/@dicebear/miniavs": {
      "version": "9.0.1",
      "resolved": "https://registry.npmjs.org/@dicebear/miniavs/-/miniavs-9.0.1.tgz",
      "integrity": "sha512-G3PrGQm7rAAJPZinskn0Dtstuz2BK1VzgzbMXm0wdCd5F5XdZZJjRGhQwdEcJYMkDzTWclS15Yw/t9KlNNPcsQ==",
      "license": "MIT",
      "engines": {
        "node": ">=18.0.0"
      },
      "peerDependencies": {
        "@dicebear/core": "^9.0.0"
      }
    },
    "node_modules/@dicebear/notionists": {
      "version": "9.0.1",
      "resolved": "https://registry.npmjs.org/@dicebear/notionists/-/notionists-9.0.1.tgz",
      "integrity": "sha512-t16TKE/niXUPk+CdQF4kFxg6FK0IpTauIxrC5TeTFTDG5PUPl1xZS37q9b2qhmDM4ZUpbdIAHYfc24kPORMwfw==",
      "license": "MIT",
      "engines": {
        "node": ">=18.0.0"
      },
      "peerDependencies": {
        "@dicebear/core": "^9.0.0"
      }
    },
    "node_modules/@dicebear/notionists-neutral": {
      "version": "9.0.1",
      "resolved": "https://registry.npmjs.org/@dicebear/notionists-neutral/-/notionists-neutral-9.0.1.tgz",
      "integrity": "sha512-fy9JUKXFNnM/QlRPRhchGqzO//m7B52qGESSM/3xdZWNKwAASbbPGnOC0r/5nrm4ZyXKvb0S67qw7FBkZC3VKQ==",
      "license": "MIT",
      "engines": {
        "node": ">=18.0.0"
      },
      "peerDependencies": {
        "@dicebear/core": "^9.0.0"
      }
    },
    "node_modules/@dicebear/open-peeps": {
      "version": "9.0.1",
      "resolved": "https://registry.npmjs.org/@dicebear/open-peeps/-/open-peeps-9.0.1.tgz",
      "integrity": "sha512-CsLK3Japcsrz0v6sfuX6JjKDmkTvVmcmtx9r0wVF72aiwIDH+e2RjJz9HafvCXmogDN66zMYM/mosRyFuTWYCw==",
      "license": "MIT",
      "engines": {
        "node": ">=18.0.0"
      },
      "peerDependencies": {
        "@dicebear/core": "^9.0.0"
      }
    },
    "node_modules/@dicebear/personas": {
      "version": "9.0.1",
      "resolved": "https://registry.npmjs.org/@dicebear/personas/-/personas-9.0.1.tgz",
      "integrity": "sha512-jgWR70xdSGO3PnurPjSdnFnRriHfN/GqSGSROPn0hHy4thr/scuNgG+yKCYUe2IiSbymKbqwfq4h04qFusxd7g==",
      "license": "MIT",
      "engines": {
        "node": ">=18.0.0"
      },
      "peerDependencies": {
        "@dicebear/core": "^9.0.0"
      }
    },
    "node_modules/@dicebear/pixel-art": {
      "version": "9.0.1",
      "resolved": "https://registry.npmjs.org/@dicebear/pixel-art/-/pixel-art-9.0.1.tgz",
      "integrity": "sha512-VQJDrmvgNieUTsSBYE/CTfBurJBLwXP6NCyd3N0lm/xk+OC5esWH/6Oqkn8Rjp8iP5xdNR0rMDY5veBYcf9SLg==",
      "license": "MIT",
      "engines": {
        "node": ">=18.0.0"
      },
      "peerDependencies": {
        "@dicebear/core": "^9.0.0"
      }
    },
    "node_modules/@dicebear/pixel-art-neutral": {
      "version": "9.0.1",
      "resolved": "https://registry.npmjs.org/@dicebear/pixel-art-neutral/-/pixel-art-neutral-9.0.1.tgz",
      "integrity": "sha512-CcCI21+rczQ5I6PkL2fo4Fy0P3MJpn/ZtcOAXly7Co0ai8Wnva+3odFfOt9RLGQCj85N3OiAYE1Kn5Bl7+6jDA==",
      "license": "MIT",
      "engines": {
        "node": ">=18.0.0"
      },
      "peerDependencies": {
        "@dicebear/core": "^9.0.0"
      }
    },
    "node_modules/@dicebear/rings": {
      "version": "9.0.1",
      "resolved": "https://registry.npmjs.org/@dicebear/rings/-/rings-9.0.1.tgz",
      "integrity": "sha512-U2L4g9QUIOWcUcbVKjrABj0x8RY6+WJxuJXE81SrSuztTydZ42KbBxXYyjEcdenbzpT4CDtiDgtepD+UFtErig==",
      "license": "MIT",
      "engines": {
        "node": ">=18.0.0"
      },
      "peerDependencies": {
        "@dicebear/core": "^9.0.0"
      }
    },
    "node_modules/@dicebear/shapes": {
      "version": "9.0.1",
      "resolved": "https://registry.npmjs.org/@dicebear/shapes/-/shapes-9.0.1.tgz",
      "integrity": "sha512-55wbXZ2lgZv+XeV2o4SwHIXPU0vrsKTh4XEnFJcC9HUwzvi5UJTk9kDhp6gcVCz7/sKWYLmd8FLA9mUu3ArN8g==",
      "license": "MIT",
      "engines": {
        "node": ">=18.0.0"
      },
      "peerDependencies": {
        "@dicebear/core": "^9.0.0"
      }
    },
    "node_modules/@dicebear/thumbs": {
      "version": "9.0.1",
      "resolved": "https://registry.npmjs.org/@dicebear/thumbs/-/thumbs-9.0.1.tgz",
      "integrity": "sha512-Smrx0GtDfT9YdajyHw1twBOXh0SruWhHUMDGDgsw1tE5bC4AKIPuH/+zAQ+l2eG1WRj27mTvWNFMLgRVHGiMeA==",
      "license": "MIT",
      "engines": {
        "node": ">=18.0.0"
      },
      "peerDependencies": {
        "@dicebear/core": "^9.0.0"
      }
    },
    "node_modules/@types/json-schema": {
      "version": "7.0.15",
      "resolved": "https://registry.npmjs.org/@types/json-schema/-/json-schema-7.0.15.tgz",
      "integrity": "sha512-5+fP8P8MFNC+AyZCDxrB2pkZFPGzqQWUzpSeuuVLvm8VMcorNYavBqoFcxK8bQz4Qsbn4oUEEem4wDLfcysGHA==",
      "license": "MIT"
    },
    "node_modules/@types/seedrandom": {
      "version": "2.4.34",
      "resolved": "https://registry.npmjs.org/@types/seedrandom/-/seedrandom-2.4.34.tgz",
      "integrity": "sha512-ytDiArvrn/3Xk6/vtylys5tlY6eo7Ane0hvcx++TKo6RxQXuVfW0AF/oeWqAj9dN29SyhtawuXstgmPlwNcv/A==",
      "license": "MIT"
    },
    "node_modules/easyqrcodejs": {
      "version": "4.6.1",
      "resolved": "https://registry.npmjs.org/easyqrcodejs/-/easyqrcodejs-4.6.1.tgz",
      "integrity": "sha512-J9C7UOJ67sZvu1Ei6JS/YHgmTVfl7jD+zPloxZGMtjGz+r9s0APJVxdPlGIYJsI9JEfgE6Q3ZfMEl/6+TL4BGA=="
    },
    "node_modules/random-avatar-generator": {
      "version": "2.0.0",
      "resolved": "https://registry.npmjs.org/random-avatar-generator/-/random-avatar-generator-2.0.0.tgz",
      "integrity": "sha512-yOLrLkw2CvNuF2sFT23no9Qt7Lz16LS7gw6lVTc5M3TmBAKJEkxX8PZ4PYfxyXOEbnAJt4ttS4tUK+hUlXmLsQ==",
      "dependencies": {
        "seedrandom": "^3.0.5"
      }
    },
    "node_modules/seedable-random-avatar-generator": {
      "version": "1.1.2",
      "resolved": "https://registry.npmjs.org/seedable-random-avatar-generator/-/seedable-random-avatar-generator-1.1.2.tgz",
      "integrity": "sha512-IYtp3B52QwqG08Z52Ue3iBJRqszL5qmVPkUKY4mhOs9oNP+MNpX16Rm49CevN5nkTpgv9Qh90+usdzEsjshfmA==",
      "deprecated": "The effective changes for this fork were merged into the original random-avatar-generator, please just use that.",
      "license": "MIT",
      "dependencies": {
        "@types/seedrandom": "^2.4.28",
        "seedrandom": "^3.0.5"
      }
    },
    "node_modules/seedrandom": {
      "version": "3.0.5",
      "resolved": "https://registry.npmjs.org/seedrandom/-/seedrandom-3.0.5.tgz",
      "integrity": "sha512-8OwmbklUNzwezjGInmZ+2clQmExQPvomqjL7LFqOYqtmuxRgQYqOD3mHaU+MvZn5FLUeVxVfQjwLZW/n/JFuqg=="
    }
  }
}
